
Microsoft Visual Studio Solution File, Format Version 12.00
# Visual Studio 14
VisualStudioVersion = 14.0.25420.1
MinimumVisualStudioVersion = 10.0.40219.1
Project("{FAE04EC0-301F-11D3-BF4B-00C04F79EFBC}") = "BindingTester.Droid", "BindingTester\BindingTester.Droid\BindingTester.Droid.csproj", "{2E32CFED-8C3D-4E64-8016-91FA6167A286}"
EndProject
Project("{FAE04EC0-301F-11D3-BF4B-00C04F79EFBC}") = "BindingTester.iOS", "BindingTester\BindingTester.iOS\BindingTester.iOS.csproj", "{6BAEF4AB-02F4-408F-A439-9220ABA07ABF}"
EndProject
Project("{FAE04EC0-301F-11D3-BF4B-00C04F79EFBC}") = "BindingTester.WinPhone", "BindingTester\BindingTester.WinPhone\BindingTester.WinPhone.csproj", "{EF327447-AE7B-46AA-93B4-08BA10CBCD86}"
EndProject
Project("{FAE04EC0-301F-11D3-BF4B-00C04F79EFBC}") = "BindingTester.UWP", "BindingTester\BindingTester.UWP\BindingTester.UWP.csproj", "{46101424-E44B-47E1-BECF-D5C5D10DFA13}"
EndProject
Project("{FAE04EC0-301F-11D3-BF4B-00C04F79EFBC}") = "BindingTester.Windows", "BindingTester\BindingTester.Windows\BindingTester.Windows.csproj", "{DAE31FF5-A293-4C02-8F5C-A469EBC08C26}"
EndProject
Project("{FAE04EC0-301F-11D3-BF4B-00C04F79EFBC}") = "BindingTester", "BindingTester\BindingTester\BindingTester.csproj", "{46133191-B683-4641-B8AD-BBDF13846EA9}"
EndProject
Global
	GlobalSection(SolutionConfigurationPlatforms) = preSolution
		Ad-Hoc|Any CPU = Ad-Hoc|Any CPU
		Ad-Hoc|ARM = Ad-Hoc|ARM
		Ad-Hoc|iPhone = Ad-Hoc|iPhone
		Ad-Hoc|iPhoneSimulator = Ad-Hoc|iPhoneSimulator
		Ad-Hoc|x64 = Ad-Hoc|x64
		Ad-Hoc|x86 = Ad-Hoc|x86
		AppStore|Any CPU = AppStore|Any CPU
		AppStore|ARM = AppStore|ARM
		AppStore|iPhone = AppStore|iPhone
		AppStore|iPhoneSimulator = AppStore|iPhoneSimulator
		AppStore|x64 = AppStore|x64
		AppStore|x86 = AppStore|x86
		Debug|Any CPU = Debug|Any CPU
		Debug|ARM = Debug|ARM
		Debug|iPhone = Debug|iPhone
		Debug|iPhoneSimulator = Debug|iPhoneSimulator
		Debug|x64 = Debug|x64
		Debug|x86 = Debug|x86
		Release|Any CPU = Release|Any CPU
		Release|ARM = Release|ARM
		Release|iPhone = Release|iPhone
		Release|iPhoneSimulator = Release|iPhoneSimulator
		Release|x64 = Release|x64
		Release|x86 = Release|x86
	EndGlobalSection
	GlobalSection(ProjectConfigurationPlatforms) = postSolution
		{2E32CFED-8C3D-4E64-8016-91FA6167A286}.Ad-Hoc|Any CPU.ActiveCfg = Release|Any CPU
		{2E32CFED-8C3D-4E64-8016-91FA6167A286}.Ad-Hoc|Any CPU.Build.0 = Release|Any CPU
		{2E32CFED-8C3D-4E64-8016-91FA6167A286}.Ad-Hoc|Any CPU.Deploy.0 = Release|Any CPU
		{2E32CFED-8C3D-4E64-8016-91FA6167A286}.Ad-Hoc|ARM.ActiveCfg = Release|Any CPU
		{2E32CFED-8C3D-4E64-8016-91FA6167A286}.Ad-Hoc|ARM.Build.0 = Release|Any CPU
		{2E32CFED-8C3D-4E64-8016-91FA6167A286}.Ad-Hoc|ARM.Deploy.0 = Release|Any CPU
		{2E32CFED-8C3D-4E64-8016-91FA6167A286}.Ad-Hoc|iPhone.ActiveCfg = Release|Any CPU
		{2E32CFED-8C3D-4E64-8016-91FA6167A286}.Ad-Hoc|iPhone.Build.0 = Release|Any CPU
		{2E32CFED-8C3D-4E64-8016-91FA6167A286}.Ad-Hoc|iPhone.Deploy.0 = Release|Any CPU
		{2E32CFED-8C3D-4E64-8016-91FA6167A286}.Ad-Hoc|iPhoneSimulator.ActiveCfg = Release|Any CPU
		{2E32CFED-8C3D-4E64-8016-91FA6167A286}.Ad-Hoc|iPhoneSimulator.Build.0 = Release|Any CPU
		{2E32CFED-8C3D-4E64-8016-91FA6167A286}.Ad-Hoc|iPhoneSimulator.Deploy.0 = Release|Any CPU
		{2E32CFED-8C3D-4E64-8016-91FA6167A286}.Ad-Hoc|x64.ActiveCfg = Release|Any CPU
		{2E32CFED-8C3D-4E64-8016-91FA6167A286}.Ad-Hoc|x64.Build.0 = Release|Any CPU
		{2E32CFED-8C3D-4E64-8016-91FA6167A286}.Ad-Hoc|x64.Deploy.0 = Release|Any CPU
		{2E32CFED-8C3D-4E64-8016-91FA6167A286}.Ad-Hoc|x86.ActiveCfg = Release|Any CPU
		{2E32CFED-8C3D-4E64-8016-91FA6167A286}.Ad-Hoc|x86.Build.0 = Release|Any CPU
		{2E32CFED-8C3D-4E64-8016-91FA6167A286}.Ad-Hoc|x86.Deploy.0 = Release|Any CPU
		{2E32CFED-8C3D-4E64-8016-91FA6167A286}.AppStore|Any CPU.ActiveCfg = Release|Any CPU
		{2E32CFED-8C3D-4E64-8016-91FA6167A286}.AppStore|Any CPU.Build.0 = Release|Any CPU
		{2E32CFED-8C3D-4E64-8016-91FA6167A286}.AppStore|Any CPU.Deploy.0 = Release|Any CPU
		{2E32CFED-8C3D-4E64-8016-91FA6167A286}.AppStore|ARM.ActiveCfg = Release|Any CPU
		{2E32CFED-8C3D-4E64-8016-91FA6167A286}.AppStore|ARM.Build.0 = Release|Any CPU
		{2E32CFED-8C3D-4E64-8016-91FA6167A286}.AppStore|ARM.Deploy.0 = Release|Any CPU
		{2E32CFED-8C3D-4E64-8016-91FA6167A286}.AppStore|iPhone.ActiveCfg = Release|Any CPU
		{2E32CFED-8C3D-4E64-8016-91FA6167A286}.AppStore|iPhone.Build.0 = Release|Any CPU
		{2E32CFED-8C3D-4E64-8016-91FA6167A286}.AppStore|iPhone.Deploy.0 = Release|Any CPU
		{2E32CFED-8C3D-4E64-8016-91FA6167A286}.AppStore|iPhoneSimulator.ActiveCfg = Release|Any CPU
		{2E32CFED-8C3D-4E64-8016-91FA6167A286}.AppStore|iPhoneSimulator.Build.0 = Release|Any CPU
		{2E32CFED-8C3D-4E64-8016-91FA6167A286}.AppStore|iPhoneSimulator.Deploy.0 = Release|Any CPU
		{2E32CFED-8C3D-4E64-8016-91FA6167A286}.AppStore|x64.ActiveCfg = Release|Any CPU
		{2E32CFED-8C3D-4E64-8016-91FA6167A286}.AppStore|x64.Build.0 = Release|Any CPU
		{2E32CFED-8C3D-4E64-8016-91FA6167A286}.AppStore|x64.Deploy.0 = Release|Any CPU
		{2E32CFED-8C3D-4E64-8016-91FA6167A286}.AppStore|x86.ActiveCfg = Release|Any CPU
		{2E32CFED-8C3D-4E64-8016-91FA6167A286}.AppStore|x86.Build.0 = Release|Any CPU
		{2E32CFED-8C3D-4E64-8016-91FA6167A286}.AppStore|x86.Deploy.0 = Release|Any CPU
		{2E32CFED-8C3D-4E64-8016-91FA6167A286}.Debug|Any CPU.ActiveCfg = Debug|Any CPU
		{2E32CFED-8C3D-4E64-8016-91FA6167A286}.Debug|Any CPU.Build.0 = Debug|Any CPU
		{2E32CFED-8C3D-4E64-8016-91FA6167A286}.Debug|Any CPU.Deploy.0 = Debug|Any CPU
		{2E32CFED-8C3D-4E64-8016-91FA6167A286}.Debug|ARM.ActiveCfg = Debug|Any CPU
		{2E32CFED-8C3D-4E64-8016-91FA6167A286}.Debug|ARM.Build.0 = Debug|Any CPU
		{2E32CFED-8C3D-4E64-8016-91FA6167A286}.Debug|ARM.Deploy.0 = Debug|Any CPU
		{2E32CFED-8C3D-4E64-8016-91FA6167A286}.Debug|iPhone.ActiveCfg = Debug|Any CPU
		{2E32CFED-8C3D-4E64-8016-91FA6167A286}.Debug|iPhone.Build.0 = Debug|Any CPU
		{2E32CFED-8C3D-4E64-8016-91FA6167A286}.Debug|iPhone.Deploy.0 = Debug|Any CPU
		{2E32CFED-8C3D-4E64-8016-91FA6167A286}.Debug|iPhoneSimulator.ActiveCfg = Debug|Any CPU
		{2E32CFED-8C3D-4E64-8016-91FA6167A286}.Debug|iPhoneSimulator.Build.0 = Debug|Any CPU
		{2E32CFED-8C3D-4E64-8016-91FA6167A286}.Debug|iPhoneSimulator.Deploy.0 = Debug|Any CPU
		{2E32CFED-8C3D-4E64-8016-91FA6167A286}.Debug|x64.ActiveCfg = Debug|Any CPU
		{2E32CFED-8C3D-4E64-8016-91FA6167A286}.Debug|x64.Build.0 = Debug|Any CPU
		{2E32CFED-8C3D-4E64-8016-91FA6167A286}.Debug|x64.Deploy.0 = Debug|Any CPU
		{2E32CFED-8C3D-4E64-8016-91FA6167A286}.Debug|x86.ActiveCfg = Debug|Any CPU
		{2E32CFED-8C3D-4E64-8016-91FA6167A286}.Debug|x86.Build.0 = Debug|Any CPU
		{2E32CFED-8C3D-4E64-8016-91FA6167A286}.Debug|x86.Deploy.0 = Debug|Any CPU
		{2E32CFED-8C3D-4E64-8016-91FA6167A286}.Release|Any CPU.ActiveCfg = Release|Any CPU
		{2E32CFED-8C3D-4E64-8016-91FA6167A286}.Release|Any CPU.Build.0 = Release|Any CPU
		{2E32CFED-8C3D-4E64-8016-91FA6167A286}.Release|Any CPU.Deploy.0 = Release|Any CPU
		{2E32CFED-8C3D-4E64-8016-91FA6167A286}.Release|ARM.ActiveCfg = Release|Any CPU
		{2E32CFED-8C3D-4E64-8016-91FA6167A286}.Release|ARM.Build.0 = Release|Any CPU
		{2E32CFED-8C3D-4E64-8016-91FA6167A286}.Release|ARM.Deploy.0 = Release|Any CPU
		{2E32CFED-8C3D-4E64-8016-91FA6167A286}.Release|iPhone.ActiveCfg = Release|Any CPU
		{2E32CFED-8C3D-4E64-8016-91FA6167A286}.Release|iPhone.Build.0 = Release|Any CPU
		{2E32CFED-8C3D-4E64-8016-91FA6167A286}.Release|iPhone.Deploy.0 = Release|Any CPU
		{2E32CFED-8C3D-4E64-8016-91FA6167A286}.Release|iPhoneSimulator.ActiveCfg = Release|Any CPU
		{2E32CFED-8C3D-4E64-8016-91FA6167A286}.Release|iPhoneSimulator.Build.0 = Release|Any CPU
		{2E32CFED-8C3D-4E64-8016-91FA6167A286}.Release|iPhoneSimulator.Deploy.0 = Release|Any CPU
		{2E32CFED-8C3D-4E64-8016-91FA6167A286}.Release|x64.ActiveCfg = Release|Any CPU
		{2E32CFED-8C3D-4E64-8016-91FA6167A286}.Release|x64.Build.0 = Release|Any CPU
		{2E32CFED-8C3D-4E64-8016-91FA6167A286}.Release|x64.Deploy.0 = Release|Any CPU
		{2E32CFED-8C3D-4E64-8016-91FA6167A286}.Release|x86.ActiveCfg = Release|Any CPU
		{2E32CFED-8C3D-4E64-8016-91FA6167A286}.Release|x86.Build.0 = Release|Any CPU
		{2E32CFED-8C3D-4E64-8016-91FA6167A286}.Release|x86.Deploy.0 = Release|Any CPU
		{6BAEF4AB-02F4-408F-A439-9220ABA07ABF}.Ad-Hoc|Any CPU.ActiveCfg = Ad-Hoc|iPhone
		{6BAEF4AB-02F4-408F-A439-9220ABA07ABF}.Ad-Hoc|ARM.ActiveCfg = Ad-Hoc|iPhone
		{6BAEF4AB-02F4-408F-A439-9220ABA07ABF}.Ad-Hoc|iPhone.ActiveCfg = Ad-Hoc|iPhone
		{6BAEF4AB-02F4-408F-A439-9220ABA07ABF}.Ad-Hoc|iPhone.Build.0 = Ad-Hoc|iPhone
		{6BAEF4AB-02F4-408F-A439-9220ABA07ABF}.Ad-Hoc|iPhoneSimulator.ActiveCfg = Ad-Hoc|iPhoneSimulator
		{6BAEF4AB-02F4-408F-A439-9220ABA07ABF}.Ad-Hoc|iPhoneSimulator.Build.0 = Ad-Hoc|iPhoneSimulator
		{6BAEF4AB-02F4-408F-A439-9220ABA07ABF}.Ad-Hoc|x64.ActiveCfg = Ad-Hoc|iPhone
		{6BAEF4AB-02F4-408F-A439-9220ABA07ABF}.Ad-Hoc|x86.ActiveCfg = Ad-Hoc|iPhone
		{6BAEF4AB-02F4-408F-A439-9220ABA07ABF}.AppStore|Any CPU.ActiveCfg = AppStore|iPhone
		{6BAEF4AB-02F4-408F-A439-9220ABA07ABF}.AppStore|ARM.ActiveCfg = AppStore|iPhone
		{6BAEF4AB-02F4-408F-A439-9220ABA07ABF}.AppStore|iPhone.ActiveCfg = AppStore|iPhone
		{6BAEF4AB-02F4-408F-A439-9220ABA07ABF}.AppStore|iPhone.Build.0 = AppStore|iPhone
		{6BAEF4AB-02F4-408F-A439-9220ABA07ABF}.AppStore|iPhoneSimulator.ActiveCfg = AppStore|iPhoneSimulator
		{6BAEF4AB-02F4-408F-A439-9220ABA07ABF}.AppStore|iPhoneSimulator.Build.0 = AppStore|iPhoneSimulator
		{6BAEF4AB-02F4-408F-A439-9220ABA07ABF}.AppStore|x64.ActiveCfg = AppStore|iPhone
		{6BAEF4AB-02F4-408F-A439-9220ABA07ABF}.AppStore|x86.ActiveCfg = AppStore|iPhone
		{6BAEF4AB-02F4-408F-A439-9220ABA07ABF}.Debug|Any CPU.ActiveCfg = Debug|iPhone
		{6BAEF4AB-02F4-408F-A439-9220ABA07ABF}.Debug|ARM.ActiveCfg = Debug|iPhone
		{6BAEF4AB-02F4-408F-A439-9220ABA07ABF}.Debug|iPhone.ActiveCfg = Debug|iPhone
		{6BAEF4AB-02F4-408F-A439-9220ABA07ABF}.Debug|iPhone.Build.0 = Debug|iPhone
		{6BAEF4AB-02F4-408F-A439-9220ABA07ABF}.Debug|iPhoneSimulator.ActiveCfg = Debug|iPhoneSimulator
		{6BAEF4AB-02F4-408F-A439-9220ABA07ABF}.Debug|iPhoneSimulator.Build.0 = Debug|iPhoneSimulator
		{6BAEF4AB-02F4-408F-A439-9220ABA07ABF}.Debug|x64.ActiveCfg = Debug|iPhone
		{6BAEF4AB-02F4-408F-A439-9220ABA07ABF}.Debug|x86.ActiveCfg = Debug|iPhone
		{6BAEF4AB-02F4-408F-A439-9220ABA07ABF}.Release|Any CPU.ActiveCfg = Release|iPhone
		{6BAEF4AB-02F4-408F-A439-9220ABA07ABF}.Release|ARM.ActiveCfg = Release|iPhone
		{6BAEF4AB-02F4-408F-A439-9220ABA07ABF}.Release|iPhone.ActiveCfg = Release|iPhone
		{6BAEF4AB-02F4-408F-A439-9220ABA07ABF}.Release|iPhone.Build.0 = Release|iPhone
		{6BAEF4AB-02F4-408F-A439-9220ABA07ABF}.Release|iPhoneSimulator.ActiveCfg = Release|iPhoneSimulator
		{6BAEF4AB-02F4-408F-A439-9220ABA07ABF}.Release|iPhoneSimulator.Build.0 = Release|iPhoneSimulator
		{6BAEF4AB-02F4-408F-A439-9220ABA07ABF}.Release|x64.ActiveCfg = Release|iPhone
		{6BAEF4AB-02F4-408F-A439-9220ABA07ABF}.Release|x86.ActiveCfg = Release|iPhone
		{EF327447-AE7B-46AA-93B4-08BA10CBCD86}.Ad-Hoc|Any CPU.ActiveCfg = Release|Any CPU
		{EF327447-AE7B-46AA-93B4-08BA10CBCD86}.Ad-Hoc|Any CPU.Build.0 = Release|Any CPU
		{EF327447-AE7B-46AA-93B4-08BA10CBCD86}.Ad-Hoc|Any CPU.Deploy.0 = Release|Any CPU
		{EF327447-AE7B-46AA-93B4-08BA10CBCD86}.Ad-Hoc|ARM.ActiveCfg = Release|ARM
		{EF327447-AE7B-46AA-93B4-08BA10CBCD86}.Ad-Hoc|ARM.Build.0 = Release|ARM
		{EF327447-AE7B-46AA-93B4-08BA10CBCD86}.Ad-Hoc|ARM.Deploy.0 = Release|ARM
		{EF327447-AE7B-46AA-93B4-08BA10CBCD86}.Ad-Hoc|iPhone.ActiveCfg = Release|Any CPU
		{EF327447-AE7B-46AA-93B4-08BA10CBCD86}.Ad-Hoc|iPhone.Build.0 = Release|Any CPU
		{EF327447-AE7B-46AA-93B4-08BA10CBCD86}.Ad-Hoc|iPhone.Deploy.0 = Release|Any CPU
		{EF327447-AE7B-46AA-93B4-08BA10CBCD86}.Ad-Hoc|iPhoneSimulator.ActiveCfg = Release|Any CPU
		{EF327447-AE7B-46AA-93B4-08BA10CBCD86}.Ad-Hoc|iPhoneSimulator.Build.0 = Release|Any CPU
		{EF327447-AE7B-46AA-93B4-08BA10CBCD86}.Ad-Hoc|iPhoneSimulator.Deploy.0 = Release|Any CPU
		{EF327447-AE7B-46AA-93B4-08BA10CBCD86}.Ad-Hoc|x64.ActiveCfg = Release|Any CPU
		{EF327447-AE7B-46AA-93B4-08BA10CBCD86}.Ad-Hoc|x64.Build.0 = Release|Any CPU
		{EF327447-AE7B-46AA-93B4-08BA10CBCD86}.Ad-Hoc|x64.Deploy.0 = Release|Any CPU
		{EF327447-AE7B-46AA-93B4-08BA10CBCD86}.Ad-Hoc|x86.ActiveCfg = Release|x86
		{EF327447-AE7B-46AA-93B4-08BA10CBCD86}.Ad-Hoc|x86.Build.0 = Release|x86
		{EF327447-AE7B-46AA-93B4-08BA10CBCD86}.Ad-Hoc|x86.Deploy.0 = Release|x86
		{EF327447-AE7B-46AA-93B4-08BA10CBCD86}.AppStore|Any CPU.ActiveCfg = Release|Any CPU
		{EF327447-AE7B-46AA-93B4-08BA10CBCD86}.AppStore|Any CPU.Build.0 = Release|Any CPU
		{EF327447-AE7B-46AA-93B4-08BA10CBCD86}.AppStore|Any CPU.Deploy.0 = Release|Any CPU
		{EF327447-AE7B-46AA-93B4-08BA10CBCD86}.AppStore|ARM.ActiveCfg = Release|ARM
		{EF327447-AE7B-46AA-93B4-08BA10CBCD86}.AppStore|ARM.Build.0 = Release|ARM
		{EF327447-AE7B-46AA-93B4-08BA10CBCD86}.AppStore|ARM.Deploy.0 = Release|ARM
		{EF327447-AE7B-46AA-93B4-08BA10CBCD86}.AppStore|iPhone.ActiveCfg = Release|Any CPU
		{EF327447-AE7B-46AA-93B4-08BA10CBCD86}.AppStore|iPhone.Build.0 = Release|Any CPU
		{EF327447-AE7B-46AA-93B4-08BA10CBCD86}.AppStore|iPhone.Deploy.0 = Release|Any CPU
		{EF327447-AE7B-46AA-93B4-08BA10CBCD86}.AppStore|iPhoneSimulator.ActiveCfg = Release|Any CPU
		{EF327447-AE7B-46AA-93B4-08BA10CBCD86}.AppStore|iPhoneSimulator.Build.0 = Release|Any CPU
		{EF327447-AE7B-46AA-93B4-08BA10CBCD86}.AppStore|iPhoneSimulator.Deploy.0 = Release|Any CPU
		{EF327447-AE7B-46AA-93B4-08BA10CBCD86}.AppStore|x64.ActiveCfg = Release|Any CPU
		{EF327447-AE7B-46AA-93B4-08BA10CBCD86}.AppStore|x64.Build.0 = Release|Any CPU
		{EF327447-AE7B-46AA-93B4-08BA10CBCD86}.AppStore|x64.Deploy.0 = Release|Any CPU
		{EF327447-AE7B-46AA-93B4-08BA10CBCD86}.AppStore|x86.ActiveCfg = Release|x86
		{EF327447-AE7B-46AA-93B4-08BA10CBCD86}.AppStore|x86.Build.0 = Release|x86
		{EF327447-AE7B-46AA-93B4-08BA10CBCD86}.AppStore|x86.Deploy.0 = Release|x86
		{EF327447-AE7B-46AA-93B4-08BA10CBCD86}.Debug|Any CPU.ActiveCfg = Debug|Any CPU
		{EF327447-AE7B-46AA-93B4-08BA10CBCD86}.Debug|Any CPU.Build.0 = Debug|Any CPU
		{EF327447-AE7B-46AA-93B4-08BA10CBCD86}.Debug|Any CPU.Deploy.0 = Debug|Any CPU
		{EF327447-AE7B-46AA-93B4-08BA10CBCD86}.Debug|ARM.ActiveCfg = Debug|ARM
		{EF327447-AE7B-46AA-93B4-08BA10CBCD86}.Debug|ARM.Build.0 = Debug|ARM
		{EF327447-AE7B-46AA-93B4-08BA10CBCD86}.Debug|ARM.Deploy.0 = Debug|ARM
		{EF327447-AE7B-46AA-93B4-08BA10CBCD86}.Debug|iPhone.ActiveCfg = Debug|Any CPU
		{EF327447-AE7B-46AA-93B4-08BA10CBCD86}.Debug|iPhone.Build.0 = Debug|Any CPU
		{EF327447-AE7B-46AA-93B4-08BA10CBCD86}.Debug|iPhone.Deploy.0 = Debug|Any CPU
		{EF327447-AE7B-46AA-93B4-08BA10CBCD86}.Debug|iPhoneSimulator.ActiveCfg = Debug|Any CPU
		{EF327447-AE7B-46AA-93B4-08BA10CBCD86}.Debug|iPhoneSimulator.Build.0 = Debug|Any CPU
		{EF327447-AE7B-46AA-93B4-08BA10CBCD86}.Debug|iPhoneSimulator.Deploy.0 = Debug|Any CPU
		{EF327447-AE7B-46AA-93B4-08BA10CBCD86}.Debug|x64.ActiveCfg = Debug|Any CPU
		{EF327447-AE7B-46AA-93B4-08BA10CBCD86}.Debug|x64.Build.0 = Debug|Any CPU
		{EF327447-AE7B-46AA-93B4-08BA10CBCD86}.Debug|x64.Deploy.0 = Debug|Any CPU
		{EF327447-AE7B-46AA-93B4-08BA10CBCD86}.Debug|x86.ActiveCfg = Debug|x86
		{EF327447-AE7B-46AA-93B4-08BA10CBCD86}.Debug|x86.Build.0 = Debug|x86
		{EF327447-AE7B-46AA-93B4-08BA10CBCD86}.Debug|x86.Deploy.0 = Debug|x86
		{EF327447-AE7B-46AA-93B4-08BA10CBCD86}.Release|Any CPU.ActiveCfg = Release|Any CPU
		{EF327447-AE7B-46AA-93B4-08BA10CBCD86}.Release|Any CPU.Build.0 = Release|Any CPU
		{EF327447-AE7B-46AA-93B4-08BA10CBCD86}.Release|Any CPU.Deploy.0 = Release|Any CPU
		{EF327447-AE7B-46AA-93B4-08BA10CBCD86}.Release|ARM.ActiveCfg = Release|ARM
		{EF327447-AE7B-46AA-93B4-08BA10CBCD86}.Release|ARM.Build.0 = Release|ARM
		{EF327447-AE7B-46AA-93B4-08BA10CBCD86}.Release|ARM.Deploy.0 = Release|ARM
		{EF327447-AE7B-46AA-93B4-08BA10CBCD86}.Release|iPhone.ActiveCfg = Release|Any CPU
		{EF327447-AE7B-46AA-93B4-08BA10CBCD86}.Release|iPhone.Build.0 = Release|Any CPU
		{EF327447-AE7B-46AA-93B4-08BA10CBCD86}.Release|iPhone.Deploy.0 = Release|Any CPU
		{EF327447-AE7B-46AA-93B4-08BA10CBCD86}.Release|iPhoneSimulator.ActiveCfg = Release|Any CPU
		{EF327447-AE7B-46AA-93B4-08BA10CBCD86}.Release|iPhoneSimulator.Build.0 = Release|Any CPU
		{EF327447-AE7B-46AA-93B4-08BA10CBCD86}.Release|iPhoneSimulator.Deploy.0 = Release|Any CPU
		{EF327447-AE7B-46AA-93B4-08BA10CBCD86}.Release|x64.ActiveCfg = Release|Any CPU
		{EF327447-AE7B-46AA-93B4-08BA10CBCD86}.Release|x64.Build.0 = Release|Any CPU
		{EF327447-AE7B-46AA-93B4-08BA10CBCD86}.Release|x64.Deploy.0 = Release|Any CPU
		{EF327447-AE7B-46AA-93B4-08BA10CBCD86}.Release|x86.ActiveCfg = Release|x86
		{EF327447-AE7B-46AA-93B4-08BA10CBCD86}.Release|x86.Build.0 = Release|x86
		{EF327447-AE7B-46AA-93B4-08BA10CBCD86}.Release|x86.Deploy.0 = Release|x86
		{46101424-E44B-47E1-BECF-D5C5D10DFA13}.Ad-Hoc|Any CPU.ActiveCfg = Release|x86
		{46101424-E44B-47E1-BECF-D5C5D10DFA13}.Ad-Hoc|Any CPU.Build.0 = Release|x86
		{46101424-E44B-47E1-BECF-D5C5D10DFA13}.Ad-Hoc|Any CPU.Deploy.0 = Release|x86
		{46101424-E44B-47E1-BECF-D5C5D10DFA13}.Ad-Hoc|ARM.ActiveCfg = Release|ARM
		{46101424-E44B-47E1-BECF-D5C5D10DFA13}.Ad-Hoc|ARM.Build.0 = Release|ARM
		{46101424-E44B-47E1-BECF-D5C5D10DFA13}.Ad-Hoc|ARM.Deploy.0 = Release|ARM
		{46101424-E44B-47E1-BECF-D5C5D10DFA13}.Ad-Hoc|iPhone.ActiveCfg = Release|x86
		{46101424-E44B-47E1-BECF-D5C5D10DFA13}.Ad-Hoc|iPhone.Build.0 = Release|x86
		{46101424-E44B-47E1-BECF-D5C5D10DFA13}.Ad-Hoc|iPhone.Deploy.0 = Release|x86
		{46101424-E44B-47E1-BECF-D5C5D10DFA13}.Ad-Hoc|iPhoneSimulator.ActiveCfg = Release|x86
		{46101424-E44B-47E1-BECF-D5C5D10DFA13}.Ad-Hoc|iPhoneSimulator.Build.0 = Release|x86
		{46101424-E44B-47E1-BECF-D5C5D10DFA13}.Ad-Hoc|iPhoneSimulator.Deploy.0 = Release|x86
		{46101424-E44B-47E1-BECF-D5C5D10DFA13}.Ad-Hoc|x64.ActiveCfg = Release|x64
		{46101424-E44B-47E1-BECF-D5C5D10DFA13}.Ad-Hoc|x64.Build.0 = Release|x64
		{46101424-E44B-47E1-BECF-D5C5D10DFA13}.Ad-Hoc|x64.Deploy.0 = Release|x64
		{46101424-E44B-47E1-BECF-D5C5D10DFA13}.Ad-Hoc|x86.ActiveCfg = Release|x86
		{46101424-E44B-47E1-BECF-D5C5D10DFA13}.Ad-Hoc|x86.Build.0 = Release|x86
		{46101424-E44B-47E1-BECF-D5C5D10DFA13}.Ad-Hoc|x86.Deploy.0 = Release|x86
		{46101424-E44B-47E1-BECF-D5C5D10DFA13}.AppStore|Any CPU.ActiveCfg = Release|x86
		{46101424-E44B-47E1-BECF-D5C5D10DFA13}.AppStore|Any CPU.Build.0 = Release|x86
		{46101424-E44B-47E1-BECF-D5C5D10DFA13}.AppStore|Any CPU.Deploy.0 = Release|x86
		{46101424-E44B-47E1-BECF-D5C5D10DFA13}.AppStore|ARM.ActiveCfg = Release|ARM
		{46101424-E44B-47E1-BECF-D5C5D10DFA13}.AppStore|ARM.Build.0 = Release|ARM
		{46101424-E44B-47E1-BECF-D5C5D10DFA13}.AppStore|ARM.Deploy.0 = Release|ARM
		{46101424-E44B-47E1-BECF-D5C5D10DFA13}.AppStore|iPhone.ActiveCfg = Release|x86
		{46101424-E44B-47E1-BECF-D5C5D10DFA13}.AppStore|iPhone.Build.0 = Release|x86
		{46101424-E44B-47E1-BECF-D5C5D10DFA13}.AppStore|iPhone.Deploy.0 = Release|x86
		{46101424-E44B-47E1-BECF-D5C5D10DFA13}.AppStore|iPhoneSimulator.ActiveCfg = Release|x86
		{46101424-E44B-47E1-BECF-D5C5D10DFA13}.AppStore|iPhoneSimulator.Build.0 = Release|x86
		{46101424-E44B-47E1-BECF-D5C5D10DFA13}.AppStore|iPhoneSimulator.Deploy.0 = Release|x86
		{46101424-E44B-47E1-BECF-D5C5D10DFA13}.AppStore|x64.ActiveCfg = Release|x64
		{46101424-E44B-47E1-BECF-D5C5D10DFA13}.AppStore|x64.Build.0 = Release|x64
		{46101424-E44B-47E1-BECF-D5C5D10DFA13}.AppStore|x64.Deploy.0 = Release|x64
		{46101424-E44B-47E1-BECF-D5C5D10DFA13}.AppStore|x86.ActiveCfg = Release|x86
		{46101424-E44B-47E1-BECF-D5C5D10DFA13}.AppStore|x86.Build.0 = Release|x86
		{46101424-E44B-47E1-BECF-D5C5D10DFA13}.AppStore|x86.Deploy.0 = Release|x86
		{46101424-E44B-47E1-BECF-D5C5D10DFA13}.Debug|Any CPU.ActiveCfg = Debug|x86
		{46101424-E44B-47E1-BECF-D5C5D10DFA13}.Debug|ARM.ActiveCfg = Debug|ARM
		{46101424-E44B-47E1-BECF-D5C5D10DFA13}.Debug|ARM.Build.0 = Debug|ARM
		{46101424-E44B-47E1-BECF-D5C5D10DFA13}.Debug|ARM.Deploy.0 = Debug|ARM
		{46101424-E44B-47E1-BECF-D5C5D10DFA13}.Debug|iPhone.ActiveCfg = Debug|x86
		{46101424-E44B-47E1-BECF-D5C5D10DFA13}.Debug|iPhoneSimulator.ActiveCfg = Debug|x86
		{46101424-E44B-47E1-BECF-D5C5D10DFA13}.Debug|x64.ActiveCfg = Debug|x64
		{46101424-E44B-47E1-BECF-D5C5D10DFA13}.Debug|x64.Build.0 = Debug|x64
		{46101424-E44B-47E1-BECF-D5C5D10DFA13}.Debug|x64.Deploy.0 = Debug|x64
		{46101424-E44B-47E1-BECF-D5C5D10DFA13}.Debug|x86.ActiveCfg = Debug|x86
		{46101424-E44B-47E1-BECF-D5C5D10DFA13}.Debug|x86.Build.0 = Debug|x86
		{46101424-E44B-47E1-BECF-D5C5D10DFA13}.Debug|x86.Deploy.0 = Debug|x86
		{46101424-E44B-47E1-BECF-D5C5D10DFA13}.Release|Any CPU.ActiveCfg = Release|x86
		{46101424-E44B-47E1-BECF-D5C5D10DFA13}.Release|ARM.ActiveCfg = Release|ARM
		{46101424-E44B-47E1-BECF-D5C5D10DFA13}.Release|ARM.Build.0 = Release|ARM
		{46101424-E44B-47E1-BECF-D5C5D10DFA13}.Release|ARM.Deploy.0 = Release|ARM
		{46101424-E44B-47E1-BECF-D5C5D10DFA13}.Release|iPhone.ActiveCfg = Release|x86
		{46101424-E44B-47E1-BECF-D5C5D10DFA13}.Release|iPhoneSimulator.ActiveCfg = Release|x86
		{46101424-E44B-47E1-BECF-D5C5D10DFA13}.Release|x64.ActiveCfg = Release|x64
		{46101424-E44B-47E1-BECF-D5C5D10DFA13}.Release|x64.Build.0 = Release|x64
		{46101424-E44B-47E1-BECF-D5C5D10DFA13}.Release|x64.Deploy.0 = Release|x64
		{46101424-E44B-47E1-BECF-D5C5D10DFA13}.Release|x86.ActiveCfg = Release|x86
		{46101424-E44B-47E1-BECF-D5C5D10DFA13}.Release|x86.Build.0 = Release|x86
		{46101424-E44B-47E1-BECF-D5C5D10DFA13}.Release|x86.Deploy.0 = Release|x86
		{DAE31FF5-A293-4C02-8F5C-A469EBC08C26}.Ad-Hoc|Any CPU.ActiveCfg = Release|Any CPU
		{DAE31FF5-A293-4C02-8F5C-A469EBC08C26}.Ad-Hoc|Any CPU.Build.0 = Release|Any CPU
		{DAE31FF5-A293-4C02-8F5C-A469EBC08C26}.Ad-Hoc|Any CPU.Deploy.0 = Release|Any CPU
		{DAE31FF5-A293-4C02-8F5C-A469EBC08C26}.Ad-Hoc|ARM.ActiveCfg = Release|ARM
		{DAE31FF5-A293-4C02-8F5C-A469EBC08C26}.Ad-Hoc|ARM.Build.0 = Release|ARM
		{DAE31FF5-A293-4C02-8F5C-A469EBC08C26}.Ad-Hoc|ARM.Deploy.0 = Release|ARM
		{DAE31FF5-A293-4C02-8F5C-A469EBC08C26}.Ad-Hoc|iPhone.ActiveCfg = Release|Any CPU
		{DAE31FF5-A293-4C02-8F5C-A469EBC08C26}.Ad-Hoc|iPhone.Build.0 = Release|Any CPU
		{DAE31FF5-A293-4C02-8F5C-A469EBC08C26}.Ad-Hoc|iPhone.Deploy.0 = Release|Any CPU
		{DAE31FF5-A293-4C02-8F5C-A469EBC08C26}.Ad-Hoc|iPhoneSimulator.ActiveCfg = Release|Any CPU
		{DAE31FF5-A293-4C02-8F5C-A469EBC08C26}.Ad-Hoc|iPhoneSimulator.Build.0 = Release|Any CPU
		{DAE31FF5-A293-4C02-8F5C-A469EBC08C26}.Ad-Hoc|iPhoneSimulator.Deploy.0 = Release|Any CPU
		{DAE31FF5-A293-4C02-8F5C-A469EBC08C26}.Ad-Hoc|x64.ActiveCfg = Release|x64
		{DAE31FF5-A293-4C02-8F5C-A469EBC08C26}.Ad-Hoc|x64.Build.0 = Release|x64
		{DAE31FF5-A293-4C02-8F5C-A469EBC08C26}.Ad-Hoc|x64.Deploy.0 = Release|x64
		{DAE31FF5-A293-4C02-8F5C-A469EBC08C26}.Ad-Hoc|x86.ActiveCfg = Release|x86
		{DAE31FF5-A293-4C02-8F5C-A469EBC08C26}.Ad-Hoc|x86.Build.0 = Release|x86
		{DAE31FF5-A293-4C02-8F5C-A469EBC08C26}.Ad-Hoc|x86.Deploy.0 = Release|x86
		{DAE31FF5-A293-4C02-8F5C-A469EBC08C26}.AppStore|Any CPU.ActiveCfg = Release|Any CPU
		{DAE31FF5-A293-4C02-8F5C-A469EBC08C26}.AppStore|Any CPU.Build.0 = Release|Any CPU
		{DAE31FF5-A293-4C02-8F5C-A469EBC08C26}.AppStore|Any CPU.Deploy.0 = Release|Any CPU
		{DAE31FF5-A293-4C02-8F5C-A469EBC08C26}.AppStore|ARM.ActiveCfg = Release|ARM
		{DAE31FF5-A293-4C02-8F5C-A469EBC08C26}.AppStore|ARM.Build.0 = Release|ARM
		{DAE31FF5-A293-4C02-8F5C-A469EBC08C26}.AppStore|ARM.Deploy.0 = Release|ARM
		{DAE31FF5-A293-4C02-8F5C-A469EBC08C26}.AppStore|iPhone.ActiveCfg = Release|Any CPU
		{DAE31FF5-A293-4C02-8F5C-A469EBC08C26}.AppStore|iPhone.Build.0 = Release|Any CPU
		{DAE31FF5-A293-4C02-8F5C-A469EBC08C26}.AppStore|iPhone.Deploy.0 = Release|Any CPU
		{DAE31FF5-A293-4C02-8F5C-A469EBC08C26}.AppStore|iPhoneSimulator.ActiveCfg = Release|Any CPU
		{DAE31FF5-A293-4C02-8F5C-A469EBC08C26}.AppStore|iPhoneSimulator.Build.0 = Release|Any CPU
		{DAE31FF5-A293-4C02-8F5C-A469EBC08C26}.AppStore|iPhoneSimulator.Deploy.0 = Release|Any CPU
		{DAE31FF5-A293-4C02-8F5C-A469EBC08C26}.AppStore|x64.ActiveCfg = Release|x64
		{DAE31FF5-A293-4C02-8F5C-A469EBC08C26}.AppStore|x64.Build.0 = Release|x64
		{DAE31FF5-A293-4C02-8F5C-A469EBC08C26}.AppStore|x64.Deploy.0 = Release|x64
		{DAE31FF5-A293-4C02-8F5C-A469EBC08C26}.AppStore|x86.ActiveCfg = Release|x86
		{DAE31FF5-A293-4C02-8F5C-A469EBC08C26}.AppStore|x86.Build.0 = Release|x86
		{DAE31FF5-A293-4C02-8F5C-A469EBC08C26}.AppStore|x86.Deploy.0 = Release|x86
		{DAE31FF5-A293-4C02-8F5C-A469EBC08C26}.Debug|Any CPU.ActiveCfg = Debug|Any CPU
		{DAE31FF5-A293-4C02-8F5C-A469EBC08C26}.Debug|Any CPU.Build.0 = Debug|Any CPU
		{DAE31FF5-A293-4C02-8F5C-A469EBC08C26}.Debug|Any CPU.Deploy.0 = Debug|Any CPU
		{DAE31FF5-A293-4C02-8F5C-A469EBC08C26}.Debug|ARM.ActiveCfg = Debug|ARM
		{DAE31FF5-A293-4C02-8F5C-A469EBC08C26}.Debug|ARM.Build.0 = Debug|ARM
		{DAE31FF5-A293-4C02-8F5C-A469EBC08C26}.Debug|ARM.Deploy.0 = Debug|ARM
		{DAE31FF5-A293-4C02-8F5C-A469EBC08C26}.Debug|iPhone.ActiveCfg = Debug|Any CPU
		{DAE31FF5-A293-4C02-8F5C-A469EBC08C26}.Debug|iPhone.Build.0 = Debug|Any CPU
		{DAE31FF5-A293-4C02-8F5C-A469EBC08C26}.Debug|iPhone.Deploy.0 = Debug|Any CPU
		{DAE31FF5-A293-4C02-8F5C-A469EBC08C26}.Debug|iPhoneSimulator.ActiveCfg = Debug|Any CPU
		{DAE31FF5-A293-4C02-8F5C-A469EBC08C26}.Debug|iPhoneSimulator.Build.0 = Debug|Any CPU
		{DAE31FF5-A293-4C02-8F5C-A469EBC08C26}.Debug|iPhoneSimulator.Deploy.0 = Debug|Any CPU
		{DAE31FF5-A293-4C02-8F5C-A469EBC08C26}.Debug|x64.ActiveCfg = Debug|x64
		{DAE31FF5-A293-4C02-8F5C-A469EBC08C26}.Debug|x64.Build.0 = Debug|x64
		{DAE31FF5-A293-4C02-8F5C-A469EBC08C26}.Debug|x64.Deploy.0 = Debug|x64
		{DAE31FF5-A293-4C02-8F5C-A469EBC08C26}.Debug|x86.ActiveCfg = Debug|x86
		{DAE31FF5-A293-4C02-8F5C-A469EBC08C26}.Debug|x86.Build.0 = Debug|x86
		{DAE31FF5-A293-4C02-8F5C-A469EBC08C26}.Debug|x86.Deploy.0 = Debug|x86
		{DAE31FF5-A293-4C02-8F5C-A469EBC08C26}.Release|Any CPU.ActiveCfg = Release|Any CPU
		{DAE31FF5-A293-4C02-8F5C-A469EBC08C26}.Release|Any CPU.Build.0 = Release|Any CPU
		{DAE31FF5-A293-4C02-8F5C-A469EBC08C26}.Release|Any CPU.Deploy.0 = Release|Any CPU
		{DAE31FF5-A293-4C02-8F5C-A469EBC08C26}.Release|ARM.ActiveCfg = Release|ARM
		{DAE31FF5-A293-4C02-8F5C-A469EBC08C26}.Release|ARM.Build.0 = Release|ARM
		{DAE31FF5-A293-4C02-8F5C-A469EBC08C26}.Release|ARM.Deploy.0 = Release|ARM
		{DAE31FF5-A293-4C02-8F5C-A469EBC08C26}.Release|iPhone.ActiveCfg = Release|Any CPU
		{DAE31FF5-A293-4C02-8F5C-A469EBC08C26}.Release|iPhone.Build.0 = Release|Any CPU
		{DAE31FF5-A293-4C02-8F5C-A469EBC08C26}.Release|iPhone.Deploy.0 = Release|Any CPU
		{DAE31FF5-A293-4C02-8F5C-A469EBC08C26}.Release|iPhoneSimulator.ActiveCfg = Release|Any CPU
		{DAE31FF5-A293-4C02-8F5C-A469EBC08C26}.Release|iPhoneSimulator.Build.0 = Release|Any CPU
		{DAE31FF5-A293-4C02-8F5C-A469EBC08C26}.Release|iPhoneSimulator.Deploy.0 = Release|Any CPU
		{DAE31FF5-A293-4C02-8F5C-A469EBC08C26}.Release|x64.ActiveCfg = Release|x64
		{DAE31FF5-A293-4C02-8F5C-A469EBC08C26}.Release|x64.Build.0 = Release|x64
		{DAE31FF5-A293-4C02-8F5C-A469EBC08C26}.Release|x64.Deploy.0 = Release|x64
		{DAE31FF5-A293-4C02-8F5C-A469EBC08C26}.Release|x86.ActiveCfg = Release|x86
		{DAE31FF5-A293-4C02-8F5C-A469EBC08C26}.Release|x86.Build.0 = Release|x86
		{DAE31FF5-A293-4C02-8F5C-A469EBC08C26}.Release|x86.Deploy.0 = Release|x86
		{46133191-B683-4641-B8AD-BBDF13846EA9}.Ad-Hoc|Any CPU.ActiveCfg = Release|Any CPU
		{46133191-B683-4641-B8AD-BBDF13846EA9}.Ad-Hoc|Any CPU.Build.0 = Release|Any CPU
		{46133191-B683-4641-B8AD-BBDF13846EA9}.Ad-Hoc|ARM.ActiveCfg = Release|Any CPU
		{46133191-B683-4641-B8AD-BBDF13846EA9}.Ad-Hoc|ARM.Build.0 = Release|Any CPU
		{46133191-B683-4641-B8AD-BBDF13846EA9}.Ad-Hoc|iPhone.ActiveCfg = Release|Any CPU
		{46133191-B683-4641-B8AD-BBDF13846EA9}.Ad-Hoc|iPhone.Build.0 = Release|Any CPU
		{46133191-B683-4641-B8AD-BBDF13846EA9}.Ad-Hoc|iPhoneSimulator.ActiveCfg = Release|Any CPU
		{46133191-B683-4641-B8AD-BBDF13846EA9}.Ad-Hoc|iPhoneSimulator.Build.0 = Release|Any CPU
		{46133191-B683-4641-B8AD-BBDF13846EA9}.Ad-Hoc|x64.ActiveCfg = Release|Any CPU
		{46133191-B683-4641-B8AD-BBDF13846EA9}.Ad-Hoc|x64.Build.0 = Release|Any CPU
		{46133191-B683-4641-B8AD-BBDF13846EA9}.Ad-Hoc|x86.ActiveCfg = Release|Any CPU
		{46133191-B683-4641-B8AD-BBDF13846EA9}.Ad-Hoc|x86.Build.0 = Release|Any CPU
		{46133191-B683-4641-B8AD-BBDF13846EA9}.AppStore|Any CPU.ActiveCfg = Release|Any CPU
		{46133191-B683-4641-B8AD-BBDF13846EA9}.AppStore|Any CPU.Build.0 = Release|Any CPU
		{46133191-B683-4641-B8AD-BBDF13846EA9}.AppStore|ARM.ActiveCfg = Release|Any CPU
		{46133191-B683-4641-B8AD-BBDF13846EA9}.AppStore|ARM.Build.0 = Release|Any CPU
		{46133191-B683-4641-B8AD-BBDF13846EA9}.AppStore|iPhone.ActiveCfg = Release|Any CPU
		{46133191-B683-4641-B8AD-BBDF13846EA9}.AppStore|iPhone.Build.0 = Release|Any CPU
		{46133191-B683-4641-B8AD-BBDF13846EA9}.AppStore|iPhoneSimulator.ActiveCfg = Release|Any CPU
		{46133191-B683-4641-B8AD-BBDF13846EA9}.AppStore|iPhoneSimulator.Build.0 = Release|Any CPU
		{46133191-B683-4641-B8AD-BBDF13846EA9}.AppStore|x64.ActiveCfg = Release|Any CPU
		{46133191-B683-4641-B8AD-BBDF13846EA9}.AppStore|x64.Build.0 = Release|Any CPU
		{46133191-B683-4641-B8AD-BBDF13846EA9}.AppStore|x86.ActiveCfg = Release|Any CPU
		{46133191-B683-4641-B8AD-BBDF13846EA9}.AppStore|x86.Build.0 = Release|Any CPU
		{46133191-B683-4641-B8AD-BBDF13846EA9}.Debug|Any CPU.ActiveCfg = Debug|Any CPU
		{46133191-B683-4641-B8AD-BBDF13846EA9}.Debug|Any CPU.Build.0 = Debug|Any CPU
		{46133191-B683-4641-B8AD-BBDF13846EA9}.Debug|ARM.ActiveCfg = Debug|Any CPU
		{46133191-B683-4641-B8AD-BBDF13846EA9}.Debug|ARM.Build.0 = Debug|Any CPU
		{46133191-B683-4641-B8AD-BBDF13846EA9}.Debug|iPhone.ActiveCfg = Debug|Any CPU
		{46133191-B683-4641-B8AD-BBDF13846EA9}.Debug|iPhone.Build.0 = Debug|Any CPU
		{46133191-B683-4641-B8AD-BBDF13846EA9}.Debug|iPhoneSimulator.ActiveCfg = Debug|Any CPU
		{46133191-B683-4641-B8AD-BBDF13846EA9}.Debug|iPhoneSimulator.Build.0 = Debug|Any CPU
		{46133191-B683-4641-B8AD-BBDF13846EA9}.Debug|x64.ActiveCfg = Debug|Any CPU
		{46133191-B683-4641-B8AD-BBDF13846EA9}.Debug|x64.Build.0 = Debug|Any CPU
		{46133191-B683-4641-B8AD-BBDF13846EA9}.Debug|x86.ActiveCfg = Debug|Any CPU
		{46133191-B683-4641-B8AD-BBDF13846EA9}.Debug|x86.Build.0 = Debug|Any CPU
		{46133191-B683-4641-B8AD-BBDF13846EA9}.Release|Any CPU.ActiveCfg = Release|Any CPU
		{46133191-B683-4641-B8AD-BBDF13846EA9}.Release|Any CPU.Build.0 = Release|Any CPU
		{46133191-B683-4641-B8AD-BBDF13846EA9}.Release|ARM.ActiveCfg = Release|Any CPU
		{46133191-B683-4641-B8AD-BBDF13846EA9}.Release|ARM.Build.0 = Release|Any CPU
		{46133191-B683-4641-B8AD-BBDF13846EA9}.Release|iPhone.ActiveCfg = Release|Any CPU
		{46133191-B683-4641-B8AD-BBDF13846EA9}.Release|iPhone.Build.0 = Release|Any CPU
		{46133191-B683-4641-B8AD-BBDF13846EA9}.Release|iPhoneSimulator.ActiveCfg = Release|Any CPU
		{46133191-B683-4641-B8AD-BBDF13846EA9}.Release|iPhoneSimulator.Build.0 = Release|Any CPU
		{46133191-B683-4641-B8AD-BBDF13846EA9}.Release|x64.ActiveCfg = Release|Any CPU
		{46133191-B683-4641-B8AD-BBDF13846EA9}.Release|x64.Build.0 = Release|Any CPU
		{46133191-B683-4641-B8AD-BBDF13846EA9}.Release|x86.ActiveCfg = Release|Any CPU
		{46133191-B683-4641-B8AD-BBDF13846EA9}.Release|x86.Build.0 = Release|Any CPU
	EndGlobalSection
	GlobalSection(SolutionProperties) = preSolution
		HideSolutionNode = FALSE
	EndGlobalSection
EndGlobal
